
Microsoft Visual Studio Solution File, Format Version 12.00
# Visual Studio Version 17
VisualStudioVersion = 17.11.35327.3
MinimumVisualStudioVersion = 10.0.40219.1
Project("{FAE04EC0-301F-11D3-BF4B-00C04F79EFBC}") = "CSharpCrash", "CSharpCrash\CSharpCrash.csproj", "{A28E33BC-6E8B-4151-8D08-2E177B4E19C1}"
EndProject
Project("{FAE04EC0-301F-11D3-BF4B-00C04F79EFBC}") = "FizzBuzz", "FizzBuzz\FizzBuzz.csproj", "{D907DC4F-2A90-4E33-A23C-2D737BFD66AB}"
EndProject
Project("{FAE04EC0-301F-11D3-BF4B-00C04F79EFBC}") = "MultiplicationTable", "MultiplicationTable\MultiplicationTable.csproj", "{D0A6FDAF-6365-4576-90B5-BDE979982695}"
EndProject
Project("{FAE04EC0-301F-11D3-BF4B-00C04F79EFBC}") = "CreditCardMasker", "CreditCardMasker\CreditCardMasker.csproj", "{58D5680C-324C-416B-B583-7AC476670F6A}"
EndProject
Project("{FAE04EC0-301F-11D3-BF4B-00C04F79EFBC}") = "UserDefinedDataTypePath", "UserDefinedDataTypePath\UserDefinedDataTypePath.csproj", "{D64EDEBC-4223-42F8-9AC2-DB624C4634B2}"
EndProject
Project("{FAE04EC0-301F-11D3-BF4B-00C04F79EFBC}") = "ContactManager", "ContactManager\ContactManager.csproj", "{AA0CD32F-6FD4-4571-B05E-F48601636C6D}"
EndProject
Project("{FAE04EC0-301F-11D3-BF4B-00C04F79EFBC}") = "ClassesAndObjects", "ClassesAndObjects\ClassesAndObjects.csproj", "{20229FAE-D340-40FF-B8B3-548ABAF1282D}"
EndProject
Project("{FAE04EC0-301F-11D3-BF4B-00C04F79EFBC}") = "ShoppingCart", "ShoppingCart\ShoppingCart.csproj", "{A15359CC-875F-4839-B913-094E4CA28540}"
EndProject
Project("{FAE04EC0-301F-11D3-BF4B-00C04F79EFBC}") = "Inheritance", "Inheritance\Inheritance.csproj", "{3B1C7D7B-C96B-487E-A7BB-A7D13C6640FE}"
EndProject
Project("{FAE04EC0-301F-11D3-BF4B-00C04F79EFBC}") = "Polymorphism", "Polymorphism\Polymorphism.csproj", "{3F2FB3DC-9E05-48E4-9AB3-5AD0B3987EC3}"
EndProject
Global
	GlobalSection(SolutionConfigurationPlatforms) = preSolution
		Debug|Any CPU = Debug|Any CPU
		Release|Any CPU = Release|Any CPU
	EndGlobalSection
	GlobalSection(ProjectConfigurationPlatforms) = postSolution
		{A28E33BC-6E8B-4151-8D08-2E177B4E19C1}.Debug|Any CPU.ActiveCfg = Debug|Any CPU
		{A28E33BC-6E8B-4151-8D08-2E177B4E19C1}.Debug|Any CPU.Build.0 = Debug|Any CPU
		{A28E33BC-6E8B-4151-8D08-2E177B4E19C1}.Release|Any CPU.ActiveCfg = Release|Any CPU
		{A28E33BC-6E8B-4151-8D08-2E177B4E19C1}.Release|Any CPU.Build.0 = Release|Any CPU
		{D907DC4F-2A90-4E33-A23C-2D737BFD66AB}.Debug|Any CPU.ActiveCfg = Debug|Any CPU
		{D907DC4F-2A90-4E33-A23C-2D737BFD66AB}.Debug|Any CPU.Build.0 = Debug|Any CPU
		{D907DC4F-2A90-4E33-A23C-2D737BFD66AB}.Release|Any CPU.ActiveCfg = Release|Any CPU
		{D907DC4F-2A90-4E33-A23C-2D737BFD66AB}.Release|Any CPU.Build.0 = Release|Any CPU
		{D0A6FDAF-6365-4576-90B5-BDE979982695}.Debug|Any CPU.ActiveCfg = Debug|Any CPU
		{D0A6FDAF-6365-4576-90B5-BDE979982695}.Debug|Any CPU.Build.0 = Debug|Any CPU
		{D0A6FDAF-6365-4576-90B5-BDE979982695}.Release|Any CPU.ActiveCfg = Release|Any CPU
		{D0A6FDAF-6365-4576-90B5-BDE979982695}.Release|Any CPU.Build.0 = Release|Any CPU
		{58D5680C-324C-416B-B583-7AC476670F6A}.Debug|Any CPU.ActiveCfg = Debug|Any CPU
		{58D5680C-324C-416B-B583-7AC476670F6A}.Debug|Any CPU.Build.0 = Debug|Any CPU
		{58D5680C-324C-416B-B583-7AC476670F6A}.Release|Any CPU.ActiveCfg = Release|Any CPU
		{58D5680C-324C-416B-B583-7AC476670F6A}.Release|Any CPU.Build.0 = Release|Any CPU
		{D64EDEBC-4223-42F8-9AC2-DB624C4634B2}.Debug|Any CPU.ActiveCfg = Debug|Any CPU
		{D64EDEBC-4223-42F8-9AC2-DB624C4634B2}.Debug|Any CPU.Build.0 = Debug|Any CPU
		{D64EDEBC-4223-42F8-9AC2-DB624C4634B2}.Release|Any CPU.ActiveCfg = Release|Any CPU
		{D64EDEBC-4223-42F8-9AC2-DB624C4634B2}.Release|Any CPU.Build.0 = Release|Any CPU
		{AA0CD32F-6FD4-4571-B05E-F48601636C6D}.Debug|Any CPU.ActiveCfg = Debug|Any CPU
		{AA0CD32F-6FD4-4571-B05E-F48601636C6D}.Debug|Any CPU.Build.0 = Debug|Any CPU
		{AA0CD32F-6FD4-4571-B05E-F48601636C6D}.Release|Any CPU.ActiveCfg = Release|Any CPU
		{AA0CD32F-6FD4-4571-B05E-F48601636C6D}.Release|Any CPU.Build.0 = Release|Any CPU
		{20229FAE-D340-40FF-B8B3-548ABAF1282D}.Debug|Any CPU.ActiveCfg = Debug|Any CPU
		{20229FAE-D340-40FF-B8B3-548ABAF1282D}.Debug|Any CPU.Build.0 = Debug|Any CPU
		{20229FAE-D340-40FF-B8B3-548ABAF1282D}.Release|Any CPU.ActiveCfg = Release|Any CPU
		{20229FAE-D340-40FF-B8B3-548ABAF1282D}.Release|Any CPU.Build.0 = Release|Any CPU
		{A15359CC-875F-4839-B913-094E4CA28540}.Debug|Any CPU.ActiveCfg = Debug|Any CPU
		{A15359CC-875F-4839-B913-094E4CA28540}.Debug|Any CPU.Build.0 = Debug|Any CPU
		{A15359CC-875F-4839-B913-094E4CA28540}.Release|Any CPU.ActiveCfg = Release|Any CPU
		{A15359CC-875F-4839-B913-094E4CA28540}.Release|Any CPU.Build.0 = Release|Any CPU
		{3B1C7D7B-C96B-487E-A7BB-A7D13C6640FE}.Debug|Any CPU.ActiveCfg = Debug|Any CPU
		{3B1C7D7B-C96B-487E-A7BB-A7D13C6640FE}.Debug|Any CPU.Build.0 = Debug|Any CPU
		{3B1C7D7B-C96B-487E-A7BB-A7D13C6640FE}.Release|Any CPU.ActiveCfg = Release|Any CPU
		{3B1C7D7B-C96B-487E-A7BB-A7D13C6640FE}.Release|Any CPU.Build.0 = Release|Any CPU
		{3F2FB3DC-9E05-48E4-9AB3-5AD0B3987EC3}.Debug|Any CPU.ActiveCfg = Debug|Any CPU
		{3F2FB3DC-9E05-48E4-9AB3-5AD0B3987EC3}.Debug|Any CPU.Build.0 = Debug|Any CPU
		{3F2FB3DC-9E05-48E4-9AB3-5AD0B3987EC3}.Release|Any CPU.ActiveCfg = Release|Any CPU
		{3F2FB3DC-9E05-48E4-9AB3-5AD0B3987EC3}.Release|Any CPU.Build.0 = Release|Any CPU
	EndGlobalSection
	GlobalSection(SolutionProperties) = preSolution
		HideSolutionNode = FALSE
	EndGlobalSection
	GlobalSection(ExtensibilityGlobals) = postSolution
		SolutionGuid = {4171D44B-7866-4FEE-B769-B02D95BD27C9}
	EndGlobalSection
EndGlobal
